
Microsoft Visual Studio Solution File, Format Version 12.00
# Visual Studio Version 17
VisualStudioVersion = 17.14.36301.6
MinimumVisualStudioVersion = 10.0.40219.1
Project("{FAE04EC0-301F-11D3-BF4B-00C04F79EFBC}") = "PRELIM_ASSIGNMENT1_BSIT31A3_JB_LOBRICO", "PRELIM_A1_BSIT31A3_JB_LOBRICO\PRELIM_ASSIGNMENT1_BSIT31A3_JB_LOBRICO.csproj", "{1C8A95DC-50F0-4D9C-909C-3DECA91A2C16}"
EndProject
Global
	GlobalSection(SolutionConfigurationPlatforms) = preSolution
		Debug|Any CPU = Debug|Any CPU
		Release|Any CPU = Release|Any CPU
	EndGlobalSection
	GlobalSection(ProjectConfigurationPlatforms) = postSolution
		{1C8A95DC-50F0-4D9C-909C-3DECA91A2C16}.Debug|Any CPU.ActiveCfg = Debug|Any CPU
		{1C8A95DC-50F0-4D9C-909C-3DECA91A2C16}.Debug|Any CPU.Build.0 = Debug|Any CPU
		{1C8A95DC-50F0-4D9C-909C-3DECA91A2C16}.Release|Any CPU.ActiveCfg = Release|Any CPU
		{1C8A95DC-50F0-4D9C-909C-3DECA91A2C16}.Release|Any CPU.Build.0 = Release|Any CPU
	EndGlobalSection
	GlobalSection(SolutionProperties) = preSolution
		HideSolutionNode = FALSE
	EndGlobalSection
	GlobalSection(ExtensibilityGlobals) = postSolution
		SolutionGuid = {BF965177-49B5-4472-9E84-2E3C43222358}
	EndGlobalSection
EndGlobal
